# This file was autogenerated by Stack.
# You should not edit this file by hand.
# For more information, please see the documentation at:
#   https://docs.haskellstack.org/en/stable/lock_files

packages:
- completed:
    hackage: hasbolt-0.1.4.3@sha256:304cd7f538e2e0c057f365dfe6282ccf9482702ba89e6a6fe6afdec16290a08a,2415
    pantry-tree:
      size: 1279
      sha256: bb3d2e7dce2b27064aef671bdece883ebd0c2b26705cc6721735ec9503cad34a
  original:
    hackage: hasbolt-0.1.4.3@sha256:304cd7f538e2e0c057f365dfe6282ccf9482702ba89e6a6fe6afdec16290a08a,2415
- completed:
    hackage: hasbolt-extras-0.0.1.4@sha256:1e2f838d36a188f57c2ce829fc06a28df195c7e1d115f3ffec4b0d953e3af7a2,3837
    pantry-tree:
      size: 2497
      sha256: a7481555744ad468a72df599219ff10aa20039ff940c7f57d8b39543d64bd697
  original:
    hackage: hasbolt-extras-0.0.1.4@sha256:1e2f838d36a188f57c2ce829fc06a28df195c7e1d115f3ffec4b0d953e3af7a2,3837
snapshots:
- completed:
    size: 533252
    url: https://raw.githubusercontent.com/commercialhaskell/stackage-snapshots/master/lts/16/26.yaml
    sha256: cdbc5db9c1afe80a5998247939027a0c7db92fa0f20b5cd01596ec3da628b622
  original: lts-16.26
